<?xml version="1.0" encoding="UTF-8" standalone="yes" ?>
<CodeBlocks_project_file>
	<FileVersion major="1" minor="6" />
	<Project>
		<Option title="RPG" />
		<Option platforms="Windows;Unix;" />
		<Option pch_mode="2" />
		<Option compiler="gcc" />
		<Build>
			<Target title="Debug_linux64">
				<Option platforms="Unix;" />
				<Option output="bin/Debug_l/SFMLTetris_linux64" prefix_auto="0" extension_auto="0" />
				<Option object_output="obj/Debug_l/" />
				<Option type="1" />
				<Option compiler="gcc" />
				<Compiler>
					<Add option="-std=c++11" />
					<Add option="-Wextra" />
					<Add option="-Wall" />
					<Add option="-g" />
					<Add directory="SFML-2.1-linux64/include" />
				</Compiler>
				<Linker>
					<Add library="SFML-2.1-linux64/lib/libsfml-audio.so" />
					<Add library="SFML-2.1-linux64/lib/libsfml-graphics.so" />
					<Add library="SFML-2.1-linux64/lib/libsfml-window.so" />
					<Add library="SFML-2.1-linux64/lib/libsfml-system.so" />
					<Add library="SFML-2.1-linux64/lib/libsfml-network.so" />
					<Add directory="SFML-2.1-linux64/lib" />
				</Linker>
			</Target>
			<Target title="Release_linux64">
				<Option platforms="Unix;" />
				<Option output="SFMLTetris_linux64" prefix_auto="0" extension_auto="0" />
				<Option object_output="obj/Release_l/" />
				<Option type="0" />
				<Option compiler="gcc" />
				<Compiler>
					<Add option="-O3" />
					<Add option="-std=c++11" />
					<Add directory="SFML-2.1-linux64/include" />
				</Compiler>
				<Linker>
					<Add option="-s" />
					<Add library="SFML-2.1-linux64/lib/libsfml-audio.so" />
					<Add library="SFML-2.1-linux64/lib/libsfml-graphics.so" />
					<Add library="SFML-2.1-linux64/lib/libsfml-window.so" />
					<Add library="SFML-2.1-linux64/lib/libsfml-system.so" />
					<Add library="SFML-2.1-linux64/lib/libsfml-network.so" />
					<Add directory="SFML-2.1-linux64/lib" />
				</Linker>
			</Target>
			<Target title="Debug_win32">
				<Option platforms="Windows;" />
				<Option output="bin/Debug_w/SFMLTetris_win32" prefix_auto="1" extension_auto="1" />
				<Option object_output="obj/Debug_w/" />
				<Option type="1" />
				<Option compiler="gcc" />
				<Compiler>
					<Add option="-std=c++11" />
					<Add option="-Wextra" />
					<Add option="-Wall" />
					<Add option="-g" />
					<Add option="-DSFML_STATIC" />
					<Add directory="./SFML-2.1/include" />
				</Compiler>
				<Linker>
					<Add option="-lglu32" />
					<Add library="sfml-audio-s-d" />
					<Add library="sfml-graphics-s-d" />
					<Add library="sfml-window-s-d" />
					<Add library="sfml-system-s-d" />
					<Add library="sfml-network-s-d" />
					<Add directory="./SFML-2.1/lib" />
				</Linker>
			</Target>
			<Target title="Release_win32">
				<Option platforms="Windows;" />
				<Option output="SFMLTetris_win32" prefix_auto="1" extension_auto="1" />
				<Option object_output="obj/Release_w/" />
				<Option type="0" />
				<Option compiler="gcc" />
				<Compiler>
					<Add option="-O3" />
					<Add option="-std=c++11" />
					<Add option="-DSFML_STATIC" />
					<Add directory="./SFML-2.1/include" />
				</Compiler>
				<Linker>
					<Add option="-s" />
					<Add library="sfml-audio-s" />
					<Add library="sfml-graphics-s" />
					<Add library="sfml-window-s" />
					<Add library="sfml-system-s" />
					<Add library="sfml-network-s" />
					<Add directory="./SFML-2.1/lib" />
				</Linker>
			</Target>
		</Build>
		<Compiler>
			<Add directory="src" />
			<Add directory="src/Other" />
			<Add directory="src/Menu/Parts" />
			<Add directory="src/Menu/Input" />
			<Add directory="src/Menu" />
			<Add directory="src/Game" />
			<Add directory="src/Function" />
			<Add directory="src/Event" />
			<Add directory="src/Audio" />
			<Add directory="src/Game/map" />
		</Compiler>
		<Unit filename="src/Application.cpp" />
		<Unit filename="src/Application.hpp" />
		<Unit filename="src/Audio/AudioConfiguration.cpp" />
		<Unit filename="src/Audio/AudioConfiguration.hpp" />
		<Unit filename="src/Event/Evenement.cpp" />
		<Unit filename="src/Event/Evenement.hpp" />
		<Unit filename="src/Function/fn_collision.cpp" />
		<Unit filename="src/Function/fn_collision.hpp" />
		<Unit filename="src/Function/fn_file.cpp" />
		<Unit filename="src/Function/fn_file.hpp" />
		<Unit filename="src/Function/fn_random.cpp" />
		<Unit filename="src/Function/fn_random.hpp" />
		<Unit filename="src/Function/fn_string.cpp" />
		<Unit filename="src/Function/fn_string.hpp" />
		<Unit filename="src/Function/fn_time.cpp" />
		<Unit filename="src/Function/fn_time.hpp" />
		<Unit filename="src/Game/Game.cpp" />
		<Unit filename="src/Game/Game.hpp" />
		<Unit filename="src/Game/map/sol.cpp" />
		<Unit filename="src/Game/map/sol.hpp" />
		<Unit filename="src/Menu/Input/Bouton.cpp" />
		<Unit filename="src/Menu/Input/Bouton.hpp" />
		<Unit filename="src/Menu/Input/BoutonLink.cpp" />
		<Unit filename="src/Menu/Input/BoutonLink.hpp" />
		<Unit filename="src/Menu/Input/InputCheck.cpp" />
		<Unit filename="src/Menu/Input/InputCheck.hpp" />
		<Unit filename="src/Menu/Input/InputKey.cpp" />
		<Unit filename="src/Menu/Input/InputKey.hpp" />
		<Unit filename="src/Menu/Input/InputRange.cpp" />
		<Unit filename="src/Menu/Input/InputRange.hpp" />
		<Unit filename="src/Menu/Input/InputSelect.cpp" />
		<Unit filename="src/Menu/Input/InputSelect.hpp" />
		<Unit filename="src/Menu/Input/InputText.cpp" />
		<Unit filename="src/Menu/Input/InputText.hpp" />
		<Unit filename="src/Menu/Menu.cpp" />
		<Unit filename="src/Menu/Menu.hpp" />
		<Unit filename="src/Other/Ressources.cpp" />
		<Unit filename="src/Other/Ressources.hpp" />
		<Unit filename="src/Other/ScreenElement.cpp" />
		<Unit filename="src/Other/ScreenElement.hpp" />
		<Unit filename="src/headers.hpp" />
		<Unit filename="src/main.cpp" />
		<Extensions>
			<code_completion />
			<debugger />
			<envvars />
		</Extensions>
	</Project>
</CodeBlocks_project_file>
